// !$*UTF8*$!
{
	archiveVersion = 1;
	classes = {
	};
	objectVersion = 46;
	objects = {

/* Begin PBXBuildFile section */
		05B718F71EE7CC6300BEFB8E /* GoogleService-Info.plist in Resources */ = {isa = PBXBuildFile; fileRef = 05B718F61EE7CC6300BEFB8E /* GoogleService-Info.plist */; };
		05B718F91EE7CD1A00BEFB8E /* Test.swift in Sources */ = {isa = PBXBuildFile; fileRef = 05B718F81EE7CD1A00BEFB8E /* Test.swift */; };
		05B718FB1EE82BE600BEFB8E /* LanguageTableViewCell.swift in Sources */ = {isa = PBXBuildFile; fileRef = 05B718FA1EE82BE600BEFB8E /* LanguageTableViewCell.swift */; };
		52B8DD0F6091772DF1BE81F9 /* Pods_KLS.framework in Frameworks */ = {isa = PBXBuildFile; fileRef = D4DBEC78C27B324A213D9314 /* Pods_KLS.framework */; };
		710DA8B51EA3BFFE004A4A4D /* TopicsController.swift in Sources */ = {isa = PBXBuildFile; fileRef = 710DA8B41EA3BFFE004A4A4D /* TopicsController.swift */; };
		710DA8B71EA3C059004A4A4D /* TopicsTableViewCell.swift in Sources */ = {isa = PBXBuildFile; fileRef = 710DA8B61EA3C059004A4A4D /* TopicsTableViewCell.swift */; };
		710DA8B91EA3C137004A4A4D /* TopicsHeaderView.swift in Sources */ = {isa = PBXBuildFile; fileRef = 710DA8B81EA3C137004A4A4D /* TopicsHeaderView.swift */; };
		710DA8BD1EA487F1004A4A4D /* QuizController.swift in Sources */ = {isa = PBXBuildFile; fileRef = 710DA8BC1EA487F1004A4A4D /* QuizController.swift */; };
		710DA8BF1EA48CA9004A4A4D /* TopicDetailController.swift in Sources */ = {isa = PBXBuildFile; fileRef = 710DA8BE1EA48CA9004A4A4D /* TopicDetailController.swift */; };
		710DA8C11EA48CB3004A4A4D /* TopicDetailTableViewCell.swift in Sources */ = {isa = PBXBuildFile; fileRef = 710DA8C01EA48CB3004A4A4D /* TopicDetailTableViewCell.swift */; };
		710DA8C31EA49189004A4A4D /* TopicDetailHeaderView.swift in Sources */ = {isa = PBXBuildFile; fileRef = 710DA8C21EA49189004A4A4D /* TopicDetailHeaderView.swift */; };
		719226AC1E9F3EB100EC525C /* AppDelegate.swift in Sources */ = {isa = PBXBuildFile; fileRef = 719226AB1E9F3EB100EC525C /* AppDelegate.swift */; };
		719226AE1E9F3EB100EC525C /* HomeController.swift in Sources */ = {isa = PBXBuildFile; fileRef = 719226AD1E9F3EB100EC525C /* HomeController.swift */; };
		719226B11E9F3EB100EC525C /* Main.storyboard in Resources */ = {isa = PBXBuildFile; fileRef = 719226AF1E9F3EB100EC525C /* Main.storyboard */; };
		719226B31E9F3EB100EC525C /* Assets.xcassets in Resources */ = {isa = PBXBuildFile; fileRef = 719226B21E9F3EB100EC525C /* Assets.xcassets */; };
		719226B61E9F3EB100EC525C /* LaunchScreen.storyboard in Resources */ = {isa = PBXBuildFile; fileRef = 719226B41E9F3EB100EC525C /* LaunchScreen.storyboard */; };
		719226C11E9F3EB100EC525C /* KLSTests.swift in Sources */ = {isa = PBXBuildFile; fileRef = 719226C01E9F3EB100EC525C /* KLSTests.swift */; };
		719226CC1E9F3EB100EC525C /* KLSUITests.swift in Sources */ = {isa = PBXBuildFile; fileRef = 719226CB1E9F3EB100EC525C /* KLSUITests.swift */; };
		719226DA1E9F405B00EC525C /* ControlCenterView.swift in Sources */ = {isa = PBXBuildFile; fileRef = 719226D91E9F405B00EC525C /* ControlCenterView.swift */; };
		719226DC1E9F40B300EC525C /* CollectionViewCell.swift in Sources */ = {isa = PBXBuildFile; fileRef = 719226DB1E9F40B300EC525C /* CollectionViewCell.swift */; };
		719226DE1E9FC6B100EC525C /* SettingsController.swift in Sources */ = {isa = PBXBuildFile; fileRef = 719226DD1E9FC6B000EC525C /* SettingsController.swift */; };
		719226E01E9FC6D900EC525C /* SettingsTableViewCell.swift in Sources */ = {isa = PBXBuildFile; fileRef = 719226DF1E9FC6D900EC525C /* SettingsTableViewCell.swift */; };
		7B5CBE99473A16D1AC93CA29 /* Pods_KLSUITests.framework in Frameworks */ = {isa = PBXBuildFile; fileRef = DD634BFA2EB40F34F2483041 /* Pods_KLSUITests.framework */; };
		F9C195D6178FB0EE94D2DC8E /* Pods_KLSTests.framework in Frameworks */ = {isa = PBXBuildFile; fileRef = 89AE62BF97E891F68D70BEE6 /* Pods_KLSTests.framework */; };
/* End PBXBuildFile section */

/* Begin PBXContainerItemProxy section */
		719226BD1E9F3EB100EC525C /* PBXContainerItemProxy */ = {
			isa = PBXContainerItemProxy;
			containerPortal = 719226A01E9F3EB100EC525C /* Project object */;
			proxyType = 1;
			remoteGlobalIDString = 719226A71E9F3EB100EC525C;
			remoteInfo = KLS;
		};
		719226C81E9F3EB100EC525C /* PBXContainerItemProxy */ = {
			isa = PBXContainerItemProxy;
			containerPortal = 719226A01E9F3EB100EC525C /* Project object */;
			proxyType = 1;
			remoteGlobalIDString = 719226A71E9F3EB100EC525C;
			remoteInfo = KLS;
		};
/* End PBXContainerItemProxy section */

/* Begin PBXFileReference section */
		05B718F61EE7CC6300BEFB8E /* GoogleService-Info.plist */ = {isa = PBXFileReference; fileEncoding = 4; lastKnownFileType = text.plist.xml; path = "GoogleService-Info.plist"; sourceTree = SOURCE_ROOT; };
		05B718F81EE7CD1A00BEFB8E /* Test.swift */ = {isa = PBXFileReference; fileEncoding = 4; lastKnownFileType = sourcecode.swift; path = Test.swift; sourceTree = "<group>"; };
		05B718FA1EE82BE600BEFB8E /* LanguageTableViewCell.swift */ = {isa = PBXFileReference; fileEncoding = 4; lastKnownFileType = sourcecode.swift; path = LanguageTableViewCell.swift; sourceTree = "<group>"; };
		2303C1B2AC024563AF567AD4 /* Pods-KLSUITests.debug.xcconfig */ = {isa = PBXFileReference; includeInIndex = 1; lastKnownFileType = text.xcconfig; name = "Pods-KLSUITests.debug.xcconfig"; path = "Pods/Target Support Files/Pods-KLSUITests/Pods-KLSUITests.debug.xcconfig"; sourceTree = "<group>"; };
		28019BF45929EAC16FA09599 /* Pods-KLS.debug.xcconfig */ = {isa = PBXFileReference; includeInIndex = 1; lastKnownFileType = text.xcconfig; name = "Pods-KLS.debug.xcconfig"; path = "Pods/Target Support Files/Pods-KLS/Pods-KLS.debug.xcconfig"; sourceTree = "<group>"; };
		710DA8B41EA3BFFE004A4A4D /* TopicsController.swift */ = {isa = PBXFileReference; fileEncoding = 4; lastKnownFileType = sourcecode.swift; path = TopicsController.swift; sourceTree = "<group>"; };
		710DA8B61EA3C059004A4A4D /* TopicsTableViewCell.swift */ = {isa = PBXFileReference; fileEncoding = 4; lastKnownFileType = sourcecode.swift; path = TopicsTableViewCell.swift; sourceTree = "<group>"; };
		710DA8B81EA3C137004A4A4D /* TopicsHeaderView.swift */ = {isa = PBXFileReference; fileEncoding = 4; lastKnownFileType = sourcecode.swift; path = TopicsHeaderView.swift; sourceTree = "<group>"; };
		710DA8BC1EA487F1004A4A4D /* QuizController.swift */ = {isa = PBXFileReference; fileEncoding = 4; lastKnownFileType = sourcecode.swift; path = QuizController.swift; sourceTree = "<group>"; };
		710DA8BE1EA48CA9004A4A4D /* TopicDetailController.swift */ = {isa = PBXFileReference; fileEncoding = 4; lastKnownFileType = sourcecode.swift; path = TopicDetailController.swift; sourceTree = "<group>"; };
		710DA8C01EA48CB3004A4A4D /* TopicDetailTableViewCell.swift */ = {isa = PBXFileReference; fileEncoding = 4; lastKnownFileType = sourcecode.swift; path = TopicDetailTableViewCell.swift; sourceTree = "<group>"; };
		710DA8C21EA49189004A4A4D /* TopicDetailHeaderView.swift */ = {isa = PBXFileReference; fileEncoding = 4; lastKnownFileType = sourcecode.swift; path = TopicDetailHeaderView.swift; sourceTree = "<group>"; };
		719226A81E9F3EB100EC525C /* KLS.app */ = {isa = PBXFileReference; explicitFileType = wrapper.application; includeInIndex = 0; path = KLS.app; sourceTree = BUILT_PRODUCTS_DIR; };
		719226AB1E9F3EB100EC525C /* AppDelegate.swift */ = {isa = PBXFileReference; lastKnownFileType = sourcecode.swift; path = AppDelegate.swift; sourceTree = "<group>"; };
		719226AD1E9F3EB100EC525C /* HomeController.swift */ = {isa = PBXFileReference; lastKnownFileType = sourcecode.swift; path = HomeController.swift; sourceTree = "<group>"; };
		719226B01E9F3EB100EC525C /* Base */ = {isa = PBXFileReference; lastKnownFileType = file.storyboard; name = Base; path = Base.lproj/Main.storyboard; sourceTree = "<group>"; };
		719226B21E9F3EB100EC525C /* Assets.xcassets */ = {isa = PBXFileReference; lastKnownFileType = folder.assetcatalog; path = Assets.xcassets; sourceTree = "<group>"; };
		719226B51E9F3EB100EC525C /* Base */ = {isa = PBXFileReference; lastKnownFileType = file.storyboard; name = Base; path = Base.lproj/LaunchScreen.storyboard; sourceTree = "<group>"; };
		719226B71E9F3EB100EC525C /* Info.plist */ = {isa = PBXFileReference; lastKnownFileType = text.plist.xml; path = Info.plist; sourceTree = "<group>"; };
		719226BC1E9F3EB100EC525C /* KLSTests.xctest */ = {isa = PBXFileReference; explicitFileType = wrapper.cfbundle; includeInIndex = 0; path = KLSTests.xctest; sourceTree = BUILT_PRODUCTS_DIR; };
		719226C01E9F3EB100EC525C /* KLSTests.swift */ = {isa = PBXFileReference; lastKnownFileType = sourcecode.swift; path = KLSTests.swift; sourceTree = "<group>"; };
		719226C21E9F3EB100EC525C /* Info.plist */ = {isa = PBXFileReference; lastKnownFileType = text.plist.xml; path = Info.plist; sourceTree = "<group>"; };
		719226C71E9F3EB100EC525C /* KLSUITests.xctest */ = {isa = PBXFileReference; explicitFileType = wrapper.cfbundle; includeInIndex = 0; path = KLSUITests.xctest; sourceTree = BUILT_PRODUCTS_DIR; };
		719226CB1E9F3EB100EC525C /* KLSUITests.swift */ = {isa = PBXFileReference; lastKnownFileType = sourcecode.swift; path = KLSUITests.swift; sourceTree = "<group>"; };
		719226CD1E9F3EB100EC525C /* Info.plist */ = {isa = PBXFileReference; lastKnownFileType = text.plist.xml; path = Info.plist; sourceTree = "<group>"; };
		719226D91E9F405B00EC525C /* ControlCenterView.swift */ = {isa = PBXFileReference; fileEncoding = 4; lastKnownFileType = sourcecode.swift; path = ControlCenterView.swift; sourceTree = "<group>"; };
		719226DB1E9F40B300EC525C /* CollectionViewCell.swift */ = {isa = PBXFileReference; fileEncoding = 4; lastKnownFileType = sourcecode.swift; path = CollectionViewCell.swift; sourceTree = "<group>"; };
		719226DD1E9FC6B000EC525C /* SettingsController.swift */ = {isa = PBXFileReference; fileEncoding = 4; lastKnownFileType = sourcecode.swift; path = SettingsController.swift; sourceTree = "<group>"; };
		719226DF1E9FC6D900EC525C /* SettingsTableViewCell.swift */ = {isa = PBXFileReference; fileEncoding = 4; lastKnownFileType = sourcecode.swift; path = SettingsTableViewCell.swift; sourceTree = "<group>"; };
		89AE62BF97E891F68D70BEE6 /* Pods_KLSTests.framework */ = {isa = PBXFileReference; explicitFileType = wrapper.framework; includeInIndex = 0; path = Pods_KLSTests.framework; sourceTree = BUILT_PRODUCTS_DIR; };
		9350EAFF67B78EE82605B7B6 /* Pods-KLS.release.xcconfig */ = {isa = PBXFileReference; includeInIndex = 1; lastKnownFileType = text.xcconfig; name = "Pods-KLS.release.xcconfig"; path = "Pods/Target Support Files/Pods-KLS/Pods-KLS.release.xcconfig"; sourceTree = "<group>"; };
		A10CC679EADCEC4581394C03 /* Pods-KLSTests.debug.xcconfig */ = {isa = PBXFileReference; includeInIndex = 1; lastKnownFileType = text.xcconfig; name = "Pods-KLSTests.debug.xcconfig"; path = "Pods/Target Support Files/Pods-KLSTests/Pods-KLSTests.debug.xcconfig"; sourceTree = "<group>"; };
		AD87DD276B2B0DDA0DB72920 /* Pods-KLSUITests.release.xcconfig */ = {isa = PBXFileReference; includeInIndex = 1; lastKnownFileType = text.xcconfig; name = "Pods-KLSUITests.release.xcconfig"; path = "Pods/Target Support Files/Pods-KLSUITests/Pods-KLSUITests.release.xcconfig"; sourceTree = "<group>"; };
		C48D386D82419FA2647EED49 /* Pods-KLSTests.release.xcconfig */ = {isa = PBXFileReference; includeInIndex = 1; lastKnownFileType = text.xcconfig; name = "Pods-KLSTests.release.xcconfig"; path = "Pods/Target Support Files/Pods-KLSTests/Pods-KLSTests.release.xcconfig"; sourceTree = "<group>"; };
		D4DBEC78C27B324A213D9314 /* Pods_KLS.framework */ = {isa = PBXFileReference; explicitFileType = wrapper.framework; includeInIndex = 0; path = Pods_KLS.framework; sourceTree = BUILT_PRODUCTS_DIR; };
		DD634BFA2EB40F34F2483041 /* Pods_KLSUITests.framework */ = {isa = PBXFileReference; explicitFileType = wrapper.framework; includeInIndex = 0; path = Pods_KLSUITests.framework; sourceTree = BUILT_PRODUCTS_DIR; };
/* End PBXFileReference section */

/* Begin PBXFrameworksBuildPhase section */
		719226A51E9F3EB100EC525C /* Frameworks */ = {
			isa = PBXFrameworksBuildPhase;
			buildActionMask = 2147483647;
			files = (
				52B8DD0F6091772DF1BE81F9 /* Pods_KLS.framework in Frameworks */,
			);
			runOnlyForDeploymentPostprocessing = 0;
		};
		719226B91E9F3EB100EC525C /* Frameworks */ = {
			isa = PBXFrameworksBuildPhase;
			buildActionMask = 2147483647;
			files = (
				F9C195D6178FB0EE94D2DC8E /* Pods_KLSTests.framework in Frameworks */,
			);
			runOnlyForDeploymentPostprocessing = 0;
		};
		719226C41E9F3EB100EC525C /* Frameworks */ = {
			isa = PBXFrameworksBuildPhase;
			buildActionMask = 2147483647;
			files = (
				7B5CBE99473A16D1AC93CA29 /* Pods_KLSUITests.framework in Frameworks */,
			);
			runOnlyForDeploymentPostprocessing = 0;
		};
/* End PBXFrameworksBuildPhase section */

/* Begin PBXGroup section */
		56472A4F92ED1B5688B92B60 /* Pods */ = {
			isa = PBXGroup;
			children = (
				28019BF45929EAC16FA09599 /* Pods-KLS.debug.xcconfig */,
				9350EAFF67B78EE82605B7B6 /* Pods-KLS.release.xcconfig */,
				A10CC679EADCEC4581394C03 /* Pods-KLSTests.debug.xcconfig */,
				C48D386D82419FA2647EED49 /* Pods-KLSTests.release.xcconfig */,
				2303C1B2AC024563AF567AD4 /* Pods-KLSUITests.debug.xcconfig */,
				AD87DD276B2B0DDA0DB72920 /* Pods-KLSUITests.release.xcconfig */,
			);
			name = Pods;
			sourceTree = "<group>";
		};
		5B84ABAE98AF6181FEDA6A19 /* Frameworks */ = {
			isa = PBXGroup;
			children = (
				D4DBEC78C27B324A213D9314 /* Pods_KLS.framework */,
				89AE62BF97E891F68D70BEE6 /* Pods_KLSTests.framework */,
				DD634BFA2EB40F34F2483041 /* Pods_KLSUITests.framework */,
			);
			name = Frameworks;
			sourceTree = "<group>";
		};
		7192269F1E9F3EB100EC525C = {
			isa = PBXGroup;
			children = (
				719226AA1E9F3EB100EC525C /* KLS */,
				719226BF1E9F3EB100EC525C /* KLSTests */,
				719226CA1E9F3EB100EC525C /* KLSUITests */,
				719226A91E9F3EB100EC525C /* Products */,
				56472A4F92ED1B5688B92B60 /* Pods */,
				5B84ABAE98AF6181FEDA6A19 /* Frameworks */,
			);
			sourceTree = "<group>";
		};
		719226A91E9F3EB100EC525C /* Products */ = {
			isa = PBXGroup;
			children = (
				719226A81E9F3EB100EC525C /* KLS.app */,
				719226BC1E9F3EB100EC525C /* KLSTests.xctest */,
				719226C71E9F3EB100EC525C /* KLSUITests.xctest */,
			);
			name = Products;
			sourceTree = "<group>";
		};
		719226AA1E9F3EB100EC525C /* KLS */ = {
			isa = PBXGroup;
			children = (
				71AC54351EDB676300410877 /* Recources */,
				71AC54341EDB671F00410877 /* Storyboards */,
				71AC54331EDB670100410877 /* Views */,
				71AC54321EDB66FB00410877 /* Controllers */,
				719226B21E9F3EB100EC525C /* Assets.xcassets */,
				05B718F81EE7CD1A00BEFB8E /* Test.swift */,
			);
			path = KLS;
			sourceTree = "<group>";
		};
		719226BF1E9F3EB100EC525C /* KLSTests */ = {
			isa = PBXGroup;
			children = (
				719226C01E9F3EB100EC525C /* KLSTests.swift */,
				719226C21E9F3EB100EC525C /* Info.plist */,
			);
			path = KLSTests;
			sourceTree = "<group>";
		};
		719226CA1E9F3EB100EC525C /* KLSUITests */ = {
			isa = PBXGroup;
			children = (
				719226CB1E9F3EB100EC525C /* KLSUITests.swift */,
				719226CD1E9F3EB100EC525C /* Info.plist */,
			);
			path = KLSUITests;
			sourceTree = "<group>";
		};
		71AC54321EDB66FB00410877 /* Controllers */ = {
			isa = PBXGroup;
			children = (
				719226AB1E9F3EB100EC525C /* AppDelegate.swift */,
				719226AD1E9F3EB100EC525C /* HomeController.swift */,
				710DA8BC1EA487F1004A4A4D /* QuizController.swift */,
				710DA8BE1EA48CA9004A4A4D /* TopicDetailController.swift */,
				710DA8B41EA3BFFE004A4A4D /* TopicsController.swift */,
				719226DD1E9FC6B000EC525C /* SettingsController.swift */,
			);
			name = Controllers;
			sourceTree = "<group>";
		};
		71AC54331EDB670100410877 /* Views */ = {
			isa = PBXGroup;
			children = (
				710DA8C01EA48CB3004A4A4D /* TopicDetailTableViewCell.swift */,
				710DA8C21EA49189004A4A4D /* TopicDetailHeaderView.swift */,
				710DA8B61EA3C059004A4A4D /* TopicsTableViewCell.swift */,
				710DA8B81EA3C137004A4A4D /* TopicsHeaderView.swift */,
				719226DF1E9FC6D900EC525C /* SettingsTableViewCell.swift */,
				719226D91E9F405B00EC525C /* ControlCenterView.swift */,
				719226DB1E9F40B300EC525C /* CollectionViewCell.swift */,
				05B718FA1EE82BE600BEFB8E /* LanguageTableViewCell.swift */,
			);
			name = Views;
			sourceTree = "<group>";
		};
		71AC54341EDB671F00410877 /* Storyboards */ = {
			isa = PBXGroup;
			children = (
				719226AF1E9F3EB100EC525C /* Main.storyboard */,
				719226B41E9F3EB100EC525C /* LaunchScreen.storyboard */,
			);
			name = Storyboards;
			sourceTree = "<group>";
		};
		71AC54351EDB676300410877 /* Recources */ = {
			isa = PBXGroup;
			children = (
				05B718F61EE7CC6300BEFB8E /* GoogleService-Info.plist */,
				719226B71E9F3EB100EC525C /* Info.plist */,
			);
			name = Recources;
			sourceTree = "<group>";
		};
/* End PBXGroup section */

/* Begin PBXNativeTarget section */
		719226A71E9F3EB100EC525C /* KLS */ = {
			isa = PBXNativeTarget;
			buildConfigurationList = 719226D01E9F3EB100EC525C /* Build configuration list for PBXNativeTarget "KLS" */;
			buildPhases = (
				486958CC74D0DFD85B3096CF /* [CP] Check Pods Manifest.lock */,
				719226A41E9F3EB100EC525C /* Sources */,
				719226A51E9F3EB100EC525C /* Frameworks */,
				719226A61E9F3EB100EC525C /* Resources */,
				3D2F9E2C4A60AA0A03931E55 /* [CP] Embed Pods Frameworks */,
				5432E3C91C1D9629158E7D7B /* [CP] Copy Pods Resources */,
			);
			buildRules = (
			);
			dependencies = (
			);
			name = KLS;
			productName = KLS;
			productReference = 719226A81E9F3EB100EC525C /* KLS.app */;
			productType = "com.apple.product-type.application";
		};
		719226BB1E9F3EB100EC525C /* KLSTests */ = {
			isa = PBXNativeTarget;
			buildConfigurationList = 719226D31E9F3EB100EC525C /* Build configuration list for PBXNativeTarget "KLSTests" */;
			buildPhases = (
				985BF8A8FF30D99607B75446 /* [CP] Check Pods Manifest.lock */,
				719226B81E9F3EB100EC525C /* Sources */,
				719226B91E9F3EB100EC525C /* Frameworks */,
				719226BA1E9F3EB100EC525C /* Resources */,
				B45FC30C28B92095C4C5A0CA /* [CP] Embed Pods Frameworks */,
				AF4A1836E569A5A1CDCD95E3 /* [CP] Copy Pods Resources */,
			);
			buildRules = (
			);
			dependencies = (
				719226BE1E9F3EB100EC525C /* PBXTargetDependency */,
			);
			name = KLSTests;
			productName = KLSTests;
			productReference = 719226BC1E9F3EB100EC525C /* KLSTests.xctest */;
			productType = "com.apple.product-type.bundle.unit-test";
		};
		719226C61E9F3EB100EC525C /* KLSUITests */ = {
			isa = PBXNativeTarget;
			buildConfigurationList = 719226D61E9F3EB100EC525C /* Build configuration list for PBXNativeTarget "KLSUITests" */;
			buildPhases = (
				922C92CD3ED538BE611D7019 /* [CP] Check Pods Manifest.lock */,
				719226C31E9F3EB100EC525C /* Sources */,
				719226C41E9F3EB100EC525C /* Frameworks */,
				719226C51E9F3EB100EC525C /* Resources */,
				36BDA7B6D9562CA398F52282 /* [CP] Embed Pods Frameworks */,
				DD2575983FB5BEEF18E1A210 /* [CP] Copy Pods Resources */,
			);
			buildRules = (
			);
			dependencies = (
				719226C91E9F3EB100EC525C /* PBXTargetDependency */,
			);
			name = KLSUITests;
			productName = KLSUITests;
			productReference = 719226C71E9F3EB100EC525C /* KLSUITests.xctest */;
			productType = "com.apple.product-type.bundle.ui-testing";
		};
/* End PBXNativeTarget section */

/* Begin PBXProject section */
		719226A01E9F3EB100EC525C /* Project object */ = {
			isa = PBXProject;
			attributes = {
				LastSwiftUpdateCheck = 0830;
				LastUpgradeCheck = 0830;
				ORGANIZATIONNAME = "Dias Dosymbaev";
				TargetAttributes = {
					719226A71E9F3EB100EC525C = {
						CreatedOnToolsVersion = 8.3.1;
						ProvisioningStyle = Manual;
					};
					719226BB1E9F3EB100EC525C = {
						CreatedOnToolsVersion = 8.3.1;
						ProvisioningStyle = Automatic;
						TestTargetID = 719226A71E9F3EB100EC525C;
					};
					719226C61E9F3EB100EC525C = {
						CreatedOnToolsVersion = 8.3.1;
						ProvisioningStyle = Automatic;
						TestTargetID = 719226A71E9F3EB100EC525C;
					};
				};
			};
			buildConfigurationList = 719226A31E9F3EB100EC525C /* Build configuration list for PBXProject "KLS" */;
			compatibilityVersion = "Xcode 3.2";
			developmentRegion = English;
			hasScannedForEncodings = 0;
			knownRegions = (
				en,
				Base,
			);
			mainGroup = 7192269F1E9F3EB100EC525C;
			productRefGroup = 719226A91E9F3EB100EC525C /* Products */;
			projectDirPath = "";
			projectRoot = "";
			targets = (
				719226A71E9F3EB100EC525C /* KLS */,
				719226BB1E9F3EB100EC525C /* KLSTests */,
				719226C61E9F3EB100EC525C /* KLSUITests */,
			);
		};
/* End PBXProject section */

/* Begin PBXResourcesBuildPhase section */
		719226A61E9F3EB100EC525C /* Resources */ = {
			isa = PBXResourcesBuildPhase;
			buildActionMask = 2147483647;
			files = (
				719226B61E9F3EB100EC525C /* LaunchScreen.storyboard in Resources */,
				05B718F71EE7CC6300BEFB8E /* GoogleService-Info.plist in Resources */,
				719226B31E9F3EB100EC525C /* Assets.xcassets in Resources */,
				719226B11E9F3EB100EC525C /* Main.storyboard in Resources */,
			);
			runOnlyForDeploymentPostprocessing = 0;
		};
		719226BA1E9F3EB100EC525C /* Resources */ = {
			isa = PBXResourcesBuildPhase;
			buildActionMask = 2147483647;
			files = (
			);
			runOnlyForDeploymentPostprocessing = 0;
		};
		719226C51E9F3EB100EC525C /* Resources */ = {
			isa = PBXResourcesBuildPhase;
			buildActionMask = 2147483647;
			files = (
			);
			runOnlyForDeploymentPostprocessing = 0;
		};
/* End PBXResourcesBuildPhase section */

/* Begin PBXShellScriptBuildPhase section */
		36BDA7B6D9562CA398F52282 /* [CP] Embed Pods Frameworks */ = {
			isa = PBXShellScriptBuildPhase;
			buildActionMask = 2147483647;
			files = (
			);
			inputPaths = (
			);
			name = "[CP] Embed Pods Frameworks";
			outputPaths = (
			);
			runOnlyForDeploymentPostprocessing = 0;
			shellPath = /bin/sh;
			shellScript = "\"${SRCROOT}/Pods/Target Support Files/Pods-KLSUITests/Pods-KLSUITests-frameworks.sh\"\n";
			showEnvVarsInLog = 0;
		};
		3D2F9E2C4A60AA0A03931E55 /* [CP] Embed Pods Frameworks */ = {
			isa = PBXShellScriptBuildPhase;
			buildActionMask = 2147483647;
			files = (
			);
			inputPaths = (
			);
			name = "[CP] Embed Pods Frameworks";
			outputPaths = (
			);
			runOnlyForDeploymentPostprocessing = 0;
			shellPath = /bin/sh;
			shellScript = "\"${SRCROOT}/Pods/Target Support Files/Pods-KLS/Pods-KLS-frameworks.sh\"\n";
			showEnvVarsInLog = 0;
		};
		486958CC74D0DFD85B3096CF /* [CP] Check Pods Manifest.lock */ = {
			isa = PBXShellScriptBuildPhase;
			buildActionMask = 2147483647;
			files = (
			);
			inputPaths = (
			);
			name = "[CP] Check Pods Manifest.lock";
			outputPaths = (
			);
			runOnlyForDeploymentPostprocessing = 0;
			shellPath = /bin/sh;
			shellScript = "diff \"${PODS_ROOT}/../Podfile.lock\" \"${PODS_ROOT}/Manifest.lock\" > /dev/null\nif [ $? != 0 ] ; then\n    # print error to STDERR\n    echo \"error: The sandbox is not in sync with the Podfile.lock. Run 'pod install' or update your CocoaPods installation.\" >&2\n    exit 1\nfi\n";
			showEnvVarsInLog = 0;
		};
		5432E3C91C1D9629158E7D7B /* [CP] Copy Pods Resources */ = {
			isa = PBXShellScriptBuildPhase;
			buildActionMask = 2147483647;
			files = (
			);
			inputPaths = (
			);
			name = "[CP] Copy Pods Resources";
			outputPaths = (
			);
			runOnlyForDeploymentPostprocessing = 0;
			shellPath = /bin/sh;
			shellScript = "\"${SRCROOT}/Pods/Target Support Files/Pods-KLS/Pods-KLS-resources.sh\"\n";
			showEnvVarsInLog = 0;
		};
		922C92CD3ED538BE611D7019 /* [CP] Check Pods Manifest.lock */ = {
			isa = PBXShellScriptBuildPhase;
			buildActionMask = 2147483647;
			files = (
			);
			inputPaths = (
			);
			name = "[CP] Check Pods Manifest.lock";
			outputPaths = (
			);
			runOnlyForDeploymentPostprocessing = 0;
			shellPath = /bin/sh;
			shellScript = "diff \"${PODS_ROOT}/../Podfile.lock\" \"${PODS_ROOT}/Manifest.lock\" > /dev/null\nif [ $? != 0 ] ; then\n    # print error to STDERR\n    echo \"error: The sandbox is not in sync with the Podfile.lock. Run 'pod install' or update your CocoaPods installation.\" >&2\n    exit 1\nfi\n";
			showEnvVarsInLog = 0;
		};
		985BF8A8FF30D99607B75446 /* [CP] Check Pods Manifest.lock */ = {
			isa = PBXShellScriptBuildPhase;
			buildActionMask = 2147483647;
			files = (
			);
			inputPaths = (
			);
			name = "[CP] Check Pods Manifest.lock";
			outputPaths = (
			);
			runOnlyForDeploymentPostprocessing = 0;
			shellPath = /bin/sh;
			shellScript = "diff \"${PODS_ROOT}/../Podfile.lock\" \"${PODS_ROOT}/Manifest.lock\" > /dev/null\nif [ $? != 0 ] ; then\n    # print error to STDERR\n    echo \"error: The sandbox is not in sync with the Podfile.lock. Run 'pod install' or update your CocoaPods installation.\" >&2\n    exit 1\nfi\n";
			showEnvVarsInLog = 0;
		};
		AF4A1836E569A5A1CDCD95E3 /* [CP] Copy Pods Resources */ = {
			isa = PBXShellScriptBuildPhase;
			buildActionMask = 2147483647;
			files = (
			);
			inputPaths = (
			);
			name = "[CP] Copy Pods Resources";
			outputPaths = (
			);
			runOnlyForDeploymentPostprocessing = 0;
			shellPath = /bin/sh;
			shellScript = "\"${SRCROOT}/Pods/Target Support Files/Pods-KLSTests/Pods-KLSTests-resources.sh\"\n";
			showEnvVarsInLog = 0;
		};
		B45FC30C28B92095C4C5A0CA /* [CP] Embed Pods Frameworks */ = {
			isa = PBXShellScriptBuildPhase;
			buildActionMask = 2147483647;
			files = (
			);
			inputPaths = (
			);
			name = "[CP] Embed Pods Frameworks";
			outputPaths = (
			);
			runOnlyForDeploymentPostprocessing = 0;
			shellPath = /bin/sh;
			shellScript = "\"${SRCROOT}/Pods/Target Support Files/Pods-KLSTests/Pods-KLSTests-frameworks.sh\"\n";
			showEnvVarsInLog = 0;
		};
		DD2575983FB5BEEF18E1A210 /* [CP] Copy Pods Resources */ = {
			isa = PBXShellScriptBuildPhase;
			buildActionMask = 2147483647;
			files = (
			);
			inputPaths = (
			);
			name = "[CP] Copy Pods Resources";
			outputPaths = (
			);
			runOnlyForDeploymentPostprocessing = 0;
			shellPath = /bin/sh;
			shellScript = "\"${SRCROOT}/Pods/Target Support Files/Pods-KLSUITests/Pods-KLSUITests-resources.sh\"\n";
			showEnvVarsInLog = 0;
		};
/* End PBXShellScriptBuildPhase section */

/* Begin PBXSourcesBuildPhase section */
		719226A41E9F3EB100EC525C /* Sources */ = {
			isa = PBXSourcesBuildPhase;
			buildActionMask = 2147483647;
			files = (
				710DA8B91EA3C137004A4A4D /* TopicsHeaderView.swift in Sources */,
				719226AE1E9F3EB100EC525C /* HomeController.swift in Sources */,
				05B718F91EE7CD1A00BEFB8E /* Test.swift in Sources */,
				710DA8C31EA49189004A4A4D /* TopicDetailHeaderView.swift in Sources */,
				710DA8C11EA48CB3004A4A4D /* TopicDetailTableViewCell.swift in Sources */,
				710DA8BD1EA487F1004A4A4D /* QuizController.swift in Sources */,
				710DA8B71EA3C059004A4A4D /* TopicsTableViewCell.swift in Sources */,
				719226DE1E9FC6B100EC525C /* SettingsController.swift in Sources */,
				719226E01E9FC6D900EC525C /* SettingsTableViewCell.swift in Sources */,
				719226AC1E9F3EB100EC525C /* AppDelegate.swift in Sources */,
				719226DC1E9F40B300EC525C /* CollectionViewCell.swift in Sources */,
				710DA8BF1EA48CA9004A4A4D /* TopicDetailController.swift in Sources */,
				05B718FB1EE82BE600BEFB8E /* LanguageTableViewCell.swift in Sources */,
				719226DA1E9F405B00EC525C /* ControlCenterView.swift in Sources */,
				710DA8B51EA3BFFE004A4A4D /* TopicsController.swift in Sources */,
			);
			runOnlyForDeploymentPostprocessing = 0;
		};
		719226B81E9F3EB100EC525C /* Sources */ = {
			isa = PBXSourcesBuildPhase;
			buildActionMask = 2147483647;
			files = (
				719226C11E9F3EB100EC525C /* KLSTests.swift in Sources */,
			);
			runOnlyForDeploymentPostprocessing = 0;
		};
		719226C31E9F3EB100EC525C /* Sources */ = {
			isa = PBXSourcesBuildPhase;
			buildActionMask = 2147483647;
			files = (
				719226CC1E9F3EB100EC525C /* KLSUITests.swift in Sources */,
			);
			runOnlyForDeploymentPostprocessing = 0;
		};
/* End PBXSourcesBuildPhase section */

/* Begin PBXTargetDependency section */
		719226BE1E9F3EB100EC525C /* PBXTargetDependency */ = {
			isa = PBXTargetDependency;
			target = 719226A71E9F3EB100EC525C /* KLS */;
			targetProxy = 719226BD1E9F3EB100EC525C /* PBXContainerItemProxy */;
		};
		719226C91E9F3EB100EC525C /* PBXTargetDependency */ = {
			isa = PBXTargetDependency;
			target = 719226A71E9F3EB100EC525C /* KLS */;
			targetProxy = 719226C81E9F3EB100EC525C /* PBXContainerItemProxy */;
		};
/* End PBXTargetDependency section */

/* Begin PBXVariantGroup section */
		719226AF1E9F3EB100EC525C /* Main.storyboard */ = {
			isa = PBXVariantGroup;
			children = (
				719226B01E9F3EB100EC525C /* Base */,
			);
			name = Main.storyboard;
			sourceTree = "<group>";
		};
		719226B41E9F3EB100EC525C /* LaunchScreen.storyboard */ = {
			isa = PBXVariantGroup;
			children = (
				719226B51E9F3EB100EC525C /* Base */,
			);
			name = LaunchScreen.storyboard;
			sourceTree = "<group>";
		};
/* End PBXVariantGroup section */

/* Begin XCBuildConfiguration section */
		719226CE1E9F3EB100EC525C /* Debug */ = {
			isa = XCBuildConfiguration;
			buildSettings = {
				ALWAYS_SEARCH_USER_PATHS = NO;
				CLANG_ANALYZER_NONNULL = YES;
				CLANG_ANALYZER_NUMBER_OBJECT_CONVERSION = YES_AGGRESSIVE;
				CLANG_CXX_LANGUAGE_STANDARD = "gnu++0x";
				CLANG_CXX_LIBRARY = "libc++";
				CLANG_ENABLE_MODULES = YES;
				CLANG_ENABLE_OBJC_ARC = YES;
				CLANG_WARN_BOOL_CONVERSION = YES;
				CLANG_WARN_CONSTANT_CONVERSION = YES;
				CLANG_WARN_DIRECT_OBJC_ISA_USAGE = YES_ERROR;
				CLANG_WARN_DOCUMENTATION_COMMENTS = YES;
				CLANG_WARN_EMPTY_BODY = YES;
				CLANG_WARN_ENUM_CONVERSION = YES;
				CLANG_WARN_INFINITE_RECURSION = YES;
				CLANG_WARN_INT_CONVERSION = YES;
				CLANG_WARN_OBJC_ROOT_CLASS = YES_ERROR;
				CLANG_WARN_SUSPICIOUS_MOVE = YES;
				CLANG_WARN_UNREACHABLE_CODE = YES;
				CLANG_WARN__DUPLICATE_METHOD_MATCH = YES;
				"CODE_SIGN_IDENTITY[sdk=iphoneos*]" = "iPhone Developer";
				COPY_PHASE_STRIP = NO;
				DEBUG_INFORMATION_FORMAT = dwarf;
				ENABLE_STRICT_OBJC_MSGSEND = YES;
				ENABLE_TESTABILITY = YES;
				GCC_C_LANGUAGE_STANDARD = gnu99;
				GCC_DYNAMIC_NO_PIC = NO;
				GCC_NO_COMMON_BLOCKS = YES;
				GCC_OPTIMIZATION_LEVEL = 0;
				GCC_PREPROCESSOR_DEFINITIONS = (
					"DEBUG=1",
					"$(inherited)",
				);
				GCC_WARN_64_TO_32_BIT_CONVERSION = YES;
				GCC_WARN_ABOUT_RETURN_TYPE = YES_ERROR;
				GCC_WARN_UNDECLARED_SELECTOR = YES;
				GCC_WARN_UNINITIALIZED_AUTOS = YES_AGGRESSIVE;
				GCC_WARN_UNUSED_FUNCTION = YES;
				GCC_WARN_UNUSED_VARIABLE = YES;
				IPHONEOS_DEPLOYMENT_TARGET = 10.3;
				MTL_ENABLE_DEBUG_INFO = YES;
				ONLY_ACTIVE_ARCH = YES;
				SDKROOT = iphoneos;
				SWIFT_ACTIVE_COMPILATION_CONDITIONS = DEBUG;
				SWIFT_OPTIMIZATION_LEVEL = "-Onone";
				TARGETED_DEVICE_FAMILY = "1,2";
			};
			name = Debug;
		};
		719226CF1E9F3EB100EC525C /* Release */ = {
			isa = XCBuildConfiguration;
			buildSettings = {
				ALWAYS_SEARCH_USER_PATHS = NO;
				CLANG_ANALYZER_NONNULL = YES;
				CLANG_ANALYZER_NUMBER_OBJECT_CONVERSION = YES_AGGRESSIVE;
				CLANG_CXX_LANGUAGE_STANDARD = "gnu++0x";
				CLANG_CXX_LIBRARY = "libc++";
				CLANG_ENABLE_MODULES = YES;
				CLANG_ENABLE_OBJC_ARC = YES;
				CLANG_WARN_BOOL_CONVERSION = YES;
				CLANG_WARN_CONSTANT_CONVERSION = YES;
				CLANG_WARN_DIRECT_OBJC_ISA_USAGE = YES_ERROR;
				CLANG_WARN_DOCUMENTATION_COMMENTS = YES;
				CLANG_WARN_EMPTY_BODY = YES;
				CLANG_WARN_ENUM_CONVERSION = YES;
				CLANG_WARN_INFINITE_RECURSION = YES;
				CLANG_WARN_INT_CONVERSION = YES;
				CLANG_WARN_OBJC_ROOT_CLASS = YES_ERROR;
				CLANG_WARN_SUSPICIOUS_MOVE = YES;
				CLANG_WARN_UNREACHABLE_CODE = YES;
				CLANG_WARN__DUPLICATE_METHOD_MATCH = YES;
				"CODE_SIGN_IDENTITY[sdk=iphoneos*]" = "iPhone Developer";
				COPY_PHASE_STRIP = NO;
				DEBUG_INFORMATION_FORMAT = "dwarf-with-dsym";
				ENABLE_NS_ASSERTIONS = NO;
				ENABLE_STRICT_OBJC_MSGSEND = YES;
				GCC_C_LANGUAGE_STANDARD = gnu99;
				GCC_NO_COMMON_BLOCKS = YES;
				GCC_WARN_64_TO_32_BIT_CONVERSION = YES;
				GCC_WARN_ABOUT_RETURN_TYPE = YES_ERROR;
				GCC_WARN_UNDECLARED_SELECTOR = YES;
				GCC_WARN_UNINITIALIZED_AUTOS = YES_AGGRESSIVE;
				GCC_WARN_UNUSED_FUNCTION = YES;
				GCC_WARN_UNUSED_VARIABLE = YES;
				IPHONEOS_DEPLOYMENT_TARGET = 10.3;
				MTL_ENABLE_DEBUG_INFO = NO;
				SDKROOT = iphoneos;
				SWIFT_OPTIMIZATION_LEVEL = "-Owholemodule";
				TARGETED_DEVICE_FAMILY = "1,2";
				VALIDATE_PRODUCT = YES;
			};
			name = Release;
		};
		719226D11E9F3EB100EC525C /* Debug */ = {
			isa = XCBuildConfiguration;
			baseConfigurationReference = 28019BF45929EAC16FA09599 /* Pods-KLS.debug.xcconfig */;
			buildSettings = {
				ASSETCATALOG_COMPILER_APPICON_NAME = AppIcon;
				DEVELOPMENT_TEAM = "";
				INFOPLIST_FILE = KLS/Info.plist;
				IPHONEOS_DEPLOYMENT_TARGET = 10.0;
				LD_RUNPATH_SEARCH_PATHS = "$(inherited) @executable_path/Frameworks";
				PRODUCT_BUNDLE_IDENTIFIER = com.Karma.KLSTesting;
				PRODUCT_NAME = "$(TARGET_NAME)";
				PROVISIONING_PROFILE_SPECIFIER = "";
				SWIFT_VERSION = 3.0;
			};
			name = Debug;
		};
		719226D21E9F3EB100EC525C /* Release */ = {
			isa = XCBuildConfiguration;
			baseConfigurationReference = 9350EAFF67B78EE82605B7B6 /* Pods-KLS.release.xcconfig */;
			buildSettings = {
				ASSETCATALOG_COMPILER_APPICON_NAME = AppIcon;
				DEVELOPMENT_TEAM = "";
				INFOPLIST_FILE = KLS/Info.plist;
				IPHONEOS_DEPLOYMENT_TARGET = 10.0;
				LD_RUNPATH_SEARCH_PATHS = "$(inherited) @executable_path/Frameworks";
				PRODUCT_BUNDLE_IDENTIFIER = com.Karma.KLSTesting;
				PRODUCT_NAME = "$(TARGET_NAME)";
				PROVISIONING_PROFILE_SPECIFIER = "";
				SWIFT_VERSION = 3.0;
			};
			name = Release;
		};
		719226D41E9F3EB100EC525C /* Debug */ = {
			isa = XCBuildConfiguration;
			baseConfigurationReference = A10CC679EADCEC4581394C03 /* Pods-KLSTests.debug.xcconfig */;
			buildSettings = {
				ALWAYS_EMBED_SWIFT_STANDARD_LIBRARIES = YES;
				BUNDLE_LOADER = "$(TEST_HOST)";
				INFOPLIST_FILE = KLSTests/Info.plist;
				LD_RUNPATH_SEARCH_PATHS = "$(inherited) @executable_path/Frameworks @loader_path/Frameworks";
				PRODUCT_BUNDLE_IDENTIFIER = com.Karma.KLSTests;
				PRODUCT_NAME = "$(TARGET_NAME)";
				SWIFT_VERSION = 3.0;
				TEST_HOST = "$(BUILT_PRODUCTS_DIR)/KLS.app/KLS";
			};
			name = Debug;
		};
		719226D51E9F3EB100EC525C /* Release */ = {
			isa = XCBuildConfiguration;
			baseConfigurationReference = C48D386D82419FA2647EED49 /* Pods-KLSTests.release.xcconfig */;
			buildSettings = {
				ALWAYS_EMBED_SWIFT_STANDARD_LIBRARIES = YES;
				BUNDLE_LOADER = "$(TEST_HOST)";
				INFOPLIST_FILE = KLSTests/Info.plist;
				LD_RUNPATH_SEARCH_PATHS = "$(inherited) @executable_path/Frameworks @loader_path/Frameworks";
				PRODUCT_BUNDLE_IDENTIFIER = com.Karma.KLSTests;
				PRODUCT_NAME = "$(TARGET_NAME)";
				SWIFT_VERSION = 3.0;
				TEST_HOST = "$(BUILT_PRODUCTS_DIR)/KLS.app/KLS";
			};
			name = Release;
		};
		719226D71E9F3EB100EC525C /* Debug */ = {
			isa = XCBuildConfiguration;
			baseConfigurationReference = 2303C1B2AC024563AF567AD4 /* Pods-KLSUITests.debug.xcconfig */;
			buildSettings = {
				ALWAYS_EMBED_SWIFT_STANDARD_LIBRARIES = YES;
				INFOPLIST_FILE = KLSUITests/Info.plist;
				LD_RUNPATH_SEARCH_PATHS = "$(inherited) @executable_path/Frameworks @loader_path/Frameworks";
				PRODUCT_BUNDLE_IDENTIFIER = com.Karma.KLSUITests;
				PRODUCT_NAME = "$(TARGET_NAME)";
				SWIFT_VERSION = 3.0;
				TEST_TARGET_NAME = KLS;
			};
			name = Debug;
		};
		719226D81E9F3EB100EC525C /* Release */ = {
			isa = XCBuildConfiguration;
			baseConfigurationReference = AD87DD276B2B0DDA0DB72920 /* Pods-KLSUITests.release.xcconfig */;
			buildSettings = {
				ALWAYS_EMBED_SWIFT_STANDARD_LIBRARIES = YES;
				INFOPLIST_FILE = KLSUITests/Info.plist;
				LD_RUNPATH_SEARCH_PATHS = "$(inherited) @executable_path/Frameworks @loader_path/Frameworks";
				PRODUCT_BUNDLE_IDENTIFIER = com.Karma.KLSUITests;
				PRODUCT_NAME = "$(TARGET_NAME)";
				SWIFT_VERSION = 3.0;
				TEST_TARGET_NAME = KLS;
			};
			name = Release;
		};
/* End XCBuildConfiguration section */

/* Begin XCConfigurationList section */
		719226A31E9F3EB100EC525C /* Build configuration list for PBXProject "KLS" */ = {
			isa = XCConfigurationList;
			buildConfigurations = (
				719226CE1E9F3EB100EC525C /* Debug */,
				719226CF1E9F3EB100EC525C /* Release */,
			);
			defaultConfigurationIsVisible = 0;
			defaultConfigurationName = Release;
		};
		719226D01E9F3EB100EC525C /* Build configuration list for PBXNativeTarget "KLS" */ = {
			isa = XCConfigurationList;
			buildConfigurations = (
				719226D11E9F3EB100EC525C /* Debug */,
				719226D21E9F3EB100EC525C /* Release */,
			);
			defaultConfigurationIsVisible = 0;
			defaultConfigurationName = Release;
		};
		719226D31E9F3EB100EC525C /* Build configuration list for PBXNativeTarget "KLSTests" */ = {
			isa = XCConfigurationList;
			buildConfigurations = (
				719226D41E9F3EB100EC525C /* Debug */,
				719226D51E9F3EB100EC525C /* Release */,
			);
			defaultConfigurationIsVisible = 0;
			defaultConfigurationName = Release;
		};
		719226D61E9F3EB100EC525C /* Build configuration list for PBXNativeTarget "KLSUITests" */ = {
			isa = XCConfigurationList;
			buildConfigurations = (
				719226D71E9F3EB100EC525C /* Debug */,
				719226D81E9F3EB100EC525C /* Release */,
			);
			defaultConfigurationIsVisible = 0;
			defaultConfigurationName = Release;
		};
/* End XCConfigurationList section */
	};
	rootObject = 719226A01E9F3EB100EC525C /* Project object */;
}
